// !$*UTF8*$!
{
	archiveVersion = 1;
	classes = {
	};
	objectVersion = 46;
	objects = {

/* Begin PBXBuildFile section */
		1F36FFB41EC1BE99007744A4 /* AppDelegate.swift in Sources */ = {isa = PBXBuildFile; fileRef = 1F36FFB31EC1BE99007744A4 /* AppDelegate.swift */; };
		1F36FFB61EC1BE99007744A4 /* ViewController.swift in Sources */ = {isa = PBXBuildFile; fileRef = 1F36FFB51EC1BE99007744A4 /* ViewController.swift */; };
		1F36FFB91EC1BE99007744A4 /* Main.storyboard in Resources */ = {isa = PBXBuildFile; fileRef = 1F36FFB71EC1BE99007744A4 /* Main.storyboard */; };
		1F36FFBE1EC1BE9A007744A4 /* LaunchScreen.storyboard in Resources */ = {isa = PBXBuildFile; fileRef = 1F36FFBC1EC1BE9A007744A4 /* LaunchScreen.storyboard */; };
		1F36FFC91EC1BE9A007744A4 /* InfraTestTests.swift in Sources */ = {isa = PBXBuildFile; fileRef = 1F36FFC81EC1BE9A007744A4 /* InfraTestTests.swift */; };
		1F36FFD71EC1C3F5007744A4 /* Introduction.storyboard in Resources */ = {isa = PBXBuildFile; fileRef = 1F36FFD61EC1C3F5007744A4 /* Introduction.storyboard */; };
		1F36FFD91EC1C46B007744A4 /* IntroductionPageViewController.swift in Sources */ = {isa = PBXBuildFile; fileRef = 1F36FFD81EC1C46B007744A4 /* IntroductionPageViewController.swift */; };
		1F36FFDF1EC1C6B3007744A4 /* CommonIntroductionViewController.swift in Sources */ = {isa = PBXBuildFile; fileRef = 1F36FFDD1EC1C6B3007744A4 /* CommonIntroductionViewController.swift */; };
		1F36FFE01EC1C6B3007744A4 /* CommonIntroductionViewController.xib in Resources */ = {isa = PBXBuildFile; fileRef = 1F36FFDE1EC1C6B3007744A4 /* CommonIntroductionViewController.xib */; };
		1F36FFE21EC1C84C007744A4 /* CommonPageContent.swift in Sources */ = {isa = PBXBuildFile; fileRef = 1F36FFE11EC1C84C007744A4 /* CommonPageContent.swift */; };
		1F36FFE81EC1EB31007744A4 /* LastPageViewController.swift in Sources */ = {isa = PBXBuildFile; fileRef = 1F36FFE71EC1EB31007744A4 /* LastPageViewController.swift */; };
		1F36FFEB1EC1F2AE007744A4 /* UIView + Transitions.swift in Sources */ = {isa = PBXBuildFile; fileRef = 1F36FFEA1EC1F2AE007744A4 /* UIView + Transitions.swift */; };
		1F36FFEF1EC1F5D9007744A4 /* MainViewController.swift in Sources */ = {isa = PBXBuildFile; fileRef = 1F36FFED1EC1F5D9007744A4 /* MainViewController.swift */; };
		1F36FFF01EC1F5D9007744A4 /* MainViewController.xib in Resources */ = {isa = PBXBuildFile; fileRef = 1F36FFEE1EC1F5D9007744A4 /* MainViewController.xib */; };
		1F36FFF31EC1F602007744A4 /* SequenceLogic.swift in Sources */ = {isa = PBXBuildFile; fileRef = 1F36FFF21EC1F602007744A4 /* SequenceLogic.swift */; };
		1F36FFF51EC1FED8007744A4 /* SequenceDataManager.swift in Sources */ = {isa = PBXBuildFile; fileRef = 1F36FFF41EC1FED8007744A4 /* SequenceDataManager.swift */; };
		1F3B24501EC224F2002C01EA /* Assets.xcassets in Resources */ = {isa = PBXBuildFile; fileRef = 1F3B244F1EC224F2002C01EA /* Assets.xcassets */; };
/* End PBXBuildFile section */

/* Begin PBXContainerItemProxy section */
		1F36FFC51EC1BE9A007744A4 /* PBXContainerItemProxy */ = {
			isa = PBXContainerItemProxy;
			containerPortal = 1F36FFA81EC1BE99007744A4 /* Project object */;
			proxyType = 1;
			remoteGlobalIDString = 1F36FFAF1EC1BE99007744A4;
			remoteInfo = InfraTest;
		};
/* End PBXContainerItemProxy section */

/* Begin PBXFileReference section */
		1F36FFB01EC1BE99007744A4 /* InfraTest.app */ = {isa = PBXFileReference; explicitFileType = wrapper.application; includeInIndex = 0; path = InfraTest.app; sourceTree = BUILT_PRODUCTS_DIR; };
		1F36FFB31EC1BE99007744A4 /* AppDelegate.swift */ = {isa = PBXFileReference; lastKnownFileType = sourcecode.swift; path = AppDelegate.swift; sourceTree = "<group>"; };
		1F36FFB51EC1BE99007744A4 /* ViewController.swift */ = {isa = PBXFileReference; lastKnownFileType = sourcecode.swift; path = ViewController.swift; sourceTree = "<group>"; };
		1F36FFB81EC1BE99007744A4 /* Base */ = {isa = PBXFileReference; lastKnownFileType = file.storyboard; name = Base; path = Base.lproj/Main.storyboard; sourceTree = "<group>"; };
		1F36FFBD1EC1BE9A007744A4 /* Base */ = {isa = PBXFileReference; lastKnownFileType = file.storyboard; name = Base; path = Base.lproj/LaunchScreen.storyboard; sourceTree = "<group>"; };
		1F36FFBF1EC1BE9A007744A4 /* Info.plist */ = {isa = PBXFileReference; lastKnownFileType = text.plist.xml; path = Info.plist; sourceTree = "<group>"; };
		1F36FFC41EC1BE9A007744A4 /* InfraTestTests.xctest */ = {isa = PBXFileReference; explicitFileType = wrapper.cfbundle; includeInIndex = 0; path = InfraTestTests.xctest; sourceTree = BUILT_PRODUCTS_DIR; };
		1F36FFC81EC1BE9A007744A4 /* InfraTestTests.swift */ = {isa = PBXFileReference; lastKnownFileType = sourcecode.swift; path = InfraTestTests.swift; sourceTree = "<group>"; };
		1F36FFCA1EC1BE9A007744A4 /* Info.plist */ = {isa = PBXFileReference; lastKnownFileType = text.plist.xml; path = Info.plist; sourceTree = "<group>"; };
		1F36FFD61EC1C3F5007744A4 /* Introduction.storyboard */ = {isa = PBXFileReference; fileEncoding = 4; lastKnownFileType = file.storyboard; path = Introduction.storyboard; sourceTree = "<group>"; };
		1F36FFD81EC1C46B007744A4 /* IntroductionPageViewController.swift */ = {isa = PBXFileReference; fileEncoding = 4; lastKnownFileType = sourcecode.swift; path = IntroductionPageViewController.swift; sourceTree = "<group>"; };
		1F36FFDD1EC1C6B3007744A4 /* CommonIntroductionViewController.swift */ = {isa = PBXFileReference; fileEncoding = 4; lastKnownFileType = sourcecode.swift; path = CommonIntroductionViewController.swift; sourceTree = "<group>"; };
		1F36FFDE1EC1C6B3007744A4 /* CommonIntroductionViewController.xib */ = {isa = PBXFileReference; fileEncoding = 4; lastKnownFileType = file.xib; path = CommonIntroductionViewController.xib; sourceTree = "<group>"; };
		1F36FFE11EC1C84C007744A4 /* CommonPageContent.swift */ = {isa = PBXFileReference; fileEncoding = 4; lastKnownFileType = sourcecode.swift; path = CommonPageContent.swift; sourceTree = "<group>"; };
		1F36FFE71EC1EB31007744A4 /* LastPageViewController.swift */ = {isa = PBXFileReference; fileEncoding = 4; lastKnownFileType = sourcecode.swift; path = LastPageViewController.swift; sourceTree = "<group>"; };
		1F36FFEA1EC1F2AE007744A4 /* UIView + Transitions.swift */ = {isa = PBXFileReference; fileEncoding = 4; lastKnownFileType = sourcecode.swift; name = "UIView + Transitions.swift"; path = "Extensions/UIView + Transitions.swift"; sourceTree = "<group>"; };
		1F36FFED1EC1F5D9007744A4 /* MainViewController.swift */ = {isa = PBXFileReference; fileEncoding = 4; lastKnownFileType = sourcecode.swift; path = MainViewController.swift; sourceTree = "<group>"; };
		1F36FFEE1EC1F5D9007744A4 /* MainViewController.xib */ = {isa = PBXFileReference; fileEncoding = 4; lastKnownFileType = file.xib; path = MainViewController.xib; sourceTree = "<group>"; };
		1F36FFF21EC1F602007744A4 /* SequenceLogic.swift */ = {isa = PBXFileReference; fileEncoding = 4; lastKnownFileType = sourcecode.swift; path = SequenceLogic.swift; sourceTree = "<group>"; };
		1F36FFF41EC1FED8007744A4 /* SequenceDataManager.swift */ = {isa = PBXFileReference; fileEncoding = 4; lastKnownFileType = sourcecode.swift; path = SequenceDataManager.swift; sourceTree = "<group>"; };
		1F3B244F1EC224F2002C01EA /* Assets.xcassets */ = {isa = PBXFileReference; lastKnownFileType = folder.assetcatalog; path = Assets.xcassets; sourceTree = "<group>"; };
/* End PBXFileReference section */

/* Begin PBXFrameworksBuildPhase section */
		1F36FFAD1EC1BE99007744A4 /* Frameworks */ = {
			isa = PBXFrameworksBuildPhase;
			buildActionMask = 2147483647;
			files = (
			);
			runOnlyForDeploymentPostprocessing = 0;
		};
		1F36FFC11EC1BE9A007744A4 /* Frameworks */ = {
			isa = PBXFrameworksBuildPhase;
			buildActionMask = 2147483647;
			files = (
			);
			runOnlyForDeploymentPostprocessing = 0;
		};
/* End PBXFrameworksBuildPhase section */

/* Begin PBXGroup section */
		1F36FFA71EC1BE99007744A4 = {
			isa = PBXGroup;
			children = (
				1F3B244F1EC224F2002C01EA /* Assets.xcassets */,
				1F36FFB21EC1BE99007744A4 /* InfraTest */,
				1F36FFC71EC1BE9A007744A4 /* InfraTestTests */,
				1F36FFB11EC1BE99007744A4 /* Products */,
			);
			sourceTree = "<group>";
		};
		1F36FFB11EC1BE99007744A4 /* Products */ = {
			isa = PBXGroup;
			children = (
				1F36FFB01EC1BE99007744A4 /* InfraTest.app */,
				1F36FFC41EC1BE9A007744A4 /* InfraTestTests.xctest */,
			);
			name = Products;
			sourceTree = "<group>";
		};
		1F36FFB21EC1BE99007744A4 /* InfraTest */ = {
			isa = PBXGroup;
			children = (
				1F36FFEC1EC1F51F007744A4 /* Sequence */,
				1F36FFE91EC1F228007744A4 /* Extensions */,
				1F36FFD31EC1C318007744A4 /* Introduction */,
				1F36FFB31EC1BE99007744A4 /* AppDelegate.swift */,
				1F36FFB51EC1BE99007744A4 /* ViewController.swift */,
				1F36FFB71EC1BE99007744A4 /* Main.storyboard */,
				1F36FFBC1EC1BE9A007744A4 /* LaunchScreen.storyboard */,
				1F36FFBF1EC1BE9A007744A4 /* Info.plist */,
			);
			path = InfraTest;
			sourceTree = "<group>";
		};
		1F36FFC71EC1BE9A007744A4 /* InfraTestTests */ = {
			isa = PBXGroup;
			children = (
				1F36FFC81EC1BE9A007744A4 /* InfraTestTests.swift */,
				1F36FFCA1EC1BE9A007744A4 /* Info.plist */,
			);
			path = InfraTestTests;
			sourceTree = "<group>";
		};
		1F36FFD31EC1C318007744A4 /* Introduction */ = {
			isa = PBXGroup;
			children = (
				1F36FFDC1EC1C65E007744A4 /* Pages */,
				1F36FFD61EC1C3F5007744A4 /* Introduction.storyboard */,
				1F36FFD81EC1C46B007744A4 /* IntroductionPageViewController.swift */,
			);
			path = Introduction;
			sourceTree = "<group>";
		};
		1F36FFDC1EC1C65E007744A4 /* Pages */ = {
			isa = PBXGroup;
			children = (
				1F36FFDD1EC1C6B3007744A4 /* CommonIntroductionViewController.swift */,
				1F36FFDE1EC1C6B3007744A4 /* CommonIntroductionViewController.xib */,
				1F36FFE11EC1C84C007744A4 /* CommonPageContent.swift */,
				1F36FFE71EC1EB31007744A4 /* LastPageViewController.swift */,
			);
			path = Pages;
			sourceTree = "<group>";
		};
		1F36FFE91EC1F228007744A4 /* Extensions */ = {
			isa = PBXGroup;
			children = (
				1F36FFEA1EC1F2AE007744A4 /* UIView + Transitions.swift */,
			);
			name = Extensions;
			sourceTree = "<group>";
		};
		1F36FFEC1EC1F51F007744A4 /* Sequence */ = {
			isa = PBXGroup;
			children = (
				1F36FFF11EC1F5DF007744A4 /* Logic */,
				1F36FFED1EC1F5D9007744A4 /* MainViewController.swift */,
				1F36FFEE1EC1F5D9007744A4 /* MainViewController.xib */,
			);
			path = Sequence;
			sourceTree = "<group>";
		};
		1F36FFF11EC1F5DF007744A4 /* Logic */ = {
			isa = PBXGroup;
			children = (
				1F36FFF21EC1F602007744A4 /* SequenceLogic.swift */,
				1F36FFF41EC1FED8007744A4 /* SequenceDataManager.swift */,
			);
			path = Logic;
			sourceTree = "<group>";
		};
/* End PBXGroup section */

/* Begin PBXNativeTarget section */
		1F36FFAF1EC1BE99007744A4 /* InfraTest */ = {
			isa = PBXNativeTarget;
			buildConfigurationList = 1F36FFCD1EC1BE9A007744A4 /* Build configuration list for PBXNativeTarget "InfraTest" */;
			buildPhases = (
				1F36FFAC1EC1BE99007744A4 /* Sources */,
				1F36FFAD1EC1BE99007744A4 /* Frameworks */,
				1F36FFAE1EC1BE99007744A4 /* Resources */,
			);
			buildRules = (
			);
			dependencies = (
			);
			name = InfraTest;
			productName = InfraTest;
			productReference = 1F36FFB01EC1BE99007744A4 /* InfraTest.app */;
			productType = "com.apple.product-type.application";
		};
		1F36FFC31EC1BE9A007744A4 /* InfraTestTests */ = {
			isa = PBXNativeTarget;
			buildConfigurationList = 1F36FFD01EC1BE9A007744A4 /* Build configuration list for PBXNativeTarget "InfraTestTests" */;
			buildPhases = (
				1F36FFC01EC1BE9A007744A4 /* Sources */,
				1F36FFC11EC1BE9A007744A4 /* Frameworks */,
				1F36FFC21EC1BE9A007744A4 /* Resources */,
			);
			buildRules = (
			);
			dependencies = (
				1F36FFC61EC1BE9A007744A4 /* PBXTargetDependency */,
			);
			name = InfraTestTests;
			productName = InfraTestTests;
			productReference = 1F36FFC41EC1BE9A007744A4 /* InfraTestTests.xctest */;
			productType = "com.apple.product-type.bundle.unit-test";
		};
/* End PBXNativeTarget section */

/* Begin PBXProject section */
		1F36FFA81EC1BE99007744A4 /* Project object */ = {
			isa = PBXProject;
			attributes = {
				LastSwiftUpdateCheck = 0830;
				LastUpgradeCheck = 0830;
				ORGANIZATIONNAME = "Васильев Андрей";
				TargetAttributes = {
					1F36FFAF1EC1BE99007744A4 = {
						CreatedOnToolsVersion = 8.3.2;
						DevelopmentTeam = 8RV4545BMW;
						ProvisioningStyle = Automatic;
					};
					1F36FFC31EC1BE9A007744A4 = {
						CreatedOnToolsVersion = 8.3.2;
						DevelopmentTeam = 8RV4545BMW;
						ProvisioningStyle = Automatic;
						TestTargetID = 1F36FFAF1EC1BE99007744A4;
					};
				};
			};
			buildConfigurationList = 1F36FFAB1EC1BE99007744A4 /* Build configuration list for PBXProject "InfraTest" */;
			compatibilityVersion = "Xcode 3.2";
			developmentRegion = English;
			hasScannedForEncodings = 0;
			knownRegions = (
				en,
				Base,
			);
			mainGroup = 1F36FFA71EC1BE99007744A4;
			productRefGroup = 1F36FFB11EC1BE99007744A4 /* Products */;
			projectDirPath = "";
			projectRoot = "";
			targets = (
				1F36FFAF1EC1BE99007744A4 /* InfraTest */,
				1F36FFC31EC1BE9A007744A4 /* InfraTestTests */,
			);
		};
/* End PBXProject section */

/* Begin PBXResourcesBuildPhase section */
		1F36FFAE1EC1BE99007744A4 /* Resources */ = {
			isa = PBXResourcesBuildPhase;
			buildActionMask = 2147483647;
			files = (
				1F36FFE01EC1C6B3007744A4 /* CommonIntroductionViewController.xib in Resources */,
				1F36FFF01EC1F5D9007744A4 /* MainViewController.xib in Resources */,
				1F36FFD71EC1C3F5007744A4 /* Introduction.storyboard in Resources */,
				1F36FFBE1EC1BE9A007744A4 /* LaunchScreen.storyboard in Resources */,
				1F3B24501EC224F2002C01EA /* Assets.xcassets in Resources */,
				1F36FFB91EC1BE99007744A4 /* Main.storyboard in Resources */,
			);
			runOnlyForDeploymentPostprocessing = 0;
		};
		1F36FFC21EC1BE9A007744A4 /* Resources */ = {
			isa = PBXResourcesBuildPhase;
			buildActionMask = 2147483647;
			files = (
			);
			runOnlyForDeploymentPostprocessing = 0;
		};
/* End PBXResourcesBuildPhase section */

/* Begin PBXSourcesBuildPhase section */
		1F36FFAC1EC1BE99007744A4 /* Sources */ = {
			isa = PBXSourcesBuildPhase;
			buildActionMask = 2147483647;
			files = (
				1F36FFB61EC1BE99007744A4 /* ViewController.swift in Sources */,
				1F36FFD91EC1C46B007744A4 /* IntroductionPageViewController.swift in Sources */,
				1F36FFF31EC1F602007744A4 /* SequenceLogic.swift in Sources */,
				1F36FFE21EC1C84C007744A4 /* CommonPageContent.swift in Sources */,
				1F36FFEB1EC1F2AE007744A4 /* UIView + Transitions.swift in Sources */,
				1F36FFB41EC1BE99007744A4 /* AppDelegate.swift in Sources */,
				1F36FFDF1EC1C6B3007744A4 /* CommonIntroductionViewController.swift in Sources */,
				1F36FFE81EC1EB31007744A4 /* LastPageViewController.swift in Sources */,
				1F36FFF51EC1FED8007744A4 /* SequenceDataManager.swift in Sources */,
				1F36FFEF1EC1F5D9007744A4 /* MainViewController.swift in Sources */,
			);
			runOnlyForDeploymentPostprocessing = 0;
		};
		1F36FFC01EC1BE9A007744A4 /* Sources */ = {
			isa = PBXSourcesBuildPhase;
			buildActionMask = 2147483647;
			files = (
				1F36FFC91EC1BE9A007744A4 /* InfraTestTests.swift in Sources */,
			);
			runOnlyForDeploymentPostprocessing = 0;
		};
/* End PBXSourcesBuildPhase section */

/* Begin PBXTargetDependency section */
		1F36FFC61EC1BE9A007744A4 /* PBXTargetDependency */ = {
			isa = PBXTargetDependency;
			target = 1F36FFAF1EC1BE99007744A4 /* InfraTest */;
			targetProxy = 1F36FFC51EC1BE9A007744A4 /* PBXContainerItemProxy */;
		};
/* End PBXTargetDependency section */

/* Begin PBXVariantGroup section */
		1F36FFB71EC1BE99007744A4 /* Main.storyboard */ = {
			isa = PBXVariantGroup;
			children = (
				1F36FFB81EC1BE99007744A4 /* Base */,
			);
			name = Main.storyboard;
			sourceTree = "<group>";
		};
		1F36FFBC1EC1BE9A007744A4 /* LaunchScreen.storyboard */ = {
			isa = PBXVariantGroup;
			children = (
				1F36FFBD1EC1BE9A007744A4 /* Base */,
			);
			name = LaunchScreen.storyboard;
			sourceTree = "<group>";
		};
/* End PBXVariantGroup section */

/* Begin XCBuildConfiguration section */
		1F36FFCB1EC1BE9A007744A4 /* Debug */ = {
			isa = XCBuildConfiguration;
			buildSettings = {
				ALWAYS_SEARCH_USER_PATHS = NO;
				CLANG_ANALYZER_NONNULL = YES;
				CLANG_ANALYZER_NUMBER_OBJECT_CONVERSION = YES_AGGRESSIVE;
				CLANG_CXX_LANGUAGE_STANDARD = "gnu++0x";
				CLANG_CXX_LIBRARY = "libc++";
				CLANG_ENABLE_MODULES = YES;
				CLANG_ENABLE_OBJC_ARC = YES;
				CLANG_WARN_BOOL_CONVERSION = YES;
				CLANG_WARN_CONSTANT_CONVERSION = YES;
				CLANG_WARN_DIRECT_OBJC_ISA_USAGE = YES_ERROR;
				CLANG_WARN_DOCUMENTATION_COMMENTS = YES;
				CLANG_WARN_EMPTY_BODY = YES;
				CLANG_WARN_ENUM_CONVERSION = YES;
				CLANG_WARN_INFINITE_RECURSION = YES;
				CLANG_WARN_INT_CONVERSION = YES;
				CLANG_WARN_OBJC_ROOT_CLASS = YES_ERROR;
				CLANG_WARN_SUSPICIOUS_MOVE = YES;
				CLANG_WARN_UNREACHABLE_CODE = YES;
				CLANG_WARN__DUPLICATE_METHOD_MATCH = YES;
				"CODE_SIGN_IDENTITY[sdk=iphoneos*]" = "iPhone Developer";
				COPY_PHASE_STRIP = NO;
				DEBUG_INFORMATION_FORMAT = dwarf;
				ENABLE_STRICT_OBJC_MSGSEND = YES;
				ENABLE_TESTABILITY = YES;
				GCC_C_LANGUAGE_STANDARD = gnu99;
				GCC_DYNAMIC_NO_PIC = NO;
				GCC_NO_COMMON_BLOCKS = YES;
				GCC_OPTIMIZATION_LEVEL = 0;
				GCC_PREPROCESSOR_DEFINITIONS = (
					"DEBUG=1",
					"$(inherited)",
				);
				GCC_WARN_64_TO_32_BIT_CONVERSION = YES;
				GCC_WARN_ABOUT_RETURN_TYPE = YES_ERROR;
				GCC_WARN_UNDECLARED_SELECTOR = YES;
				GCC_WARN_UNINITIALIZED_AUTOS = YES_AGGRESSIVE;
				GCC_WARN_UNUSED_FUNCTION = YES;
				GCC_WARN_UNUSED_VARIABLE = YES;
				IPHONEOS_DEPLOYMENT_TARGET = 10.3;
				MTL_ENABLE_DEBUG_INFO = YES;
				ONLY_ACTIVE_ARCH = YES;
				SDKROOT = iphoneos;
				SWIFT_ACTIVE_COMPILATION_CONDITIONS = DEBUG;
				SWIFT_OPTIMIZATION_LEVEL = "-Onone";
			};
			name = Debug;
		};
		1F36FFCC1EC1BE9A007744A4 /* Release */ = {
			isa = XCBuildConfiguration;
			buildSettings = {
				ALWAYS_SEARCH_USER_PATHS = NO;
				CLANG_ANALYZER_NONNULL = YES;
				CLANG_ANALYZER_NUMBER_OBJECT_CONVERSION = YES_AGGRESSIVE;
				CLANG_CXX_LANGUAGE_STANDARD = "gnu++0x";
				CLANG_CXX_LIBRARY = "libc++";
				CLANG_ENABLE_MODULES = YES;
				CLANG_ENABLE_OBJC_ARC = YES;
				CLANG_WARN_BOOL_CONVERSION = YES;
				CLANG_WARN_CONSTANT_CONVERSION = YES;
				CLANG_WARN_DIRECT_OBJC_ISA_USAGE = YES_ERROR;
				CLANG_WARN_DOCUMENTATION_COMMENTS = YES;
				CLANG_WARN_EMPTY_BODY = YES;
				CLANG_WARN_ENUM_CONVERSION = YES;
				CLANG_WARN_INFINITE_RECURSION = YES;
				CLANG_WARN_INT_CONVERSION = YES;
				CLANG_WARN_OBJC_ROOT_CLASS = YES_ERROR;
				CLANG_WARN_SUSPICIOUS_MOVE = YES;
				CLANG_WARN_UNREACHABLE_CODE = YES;
				CLANG_WARN__DUPLICATE_METHOD_MATCH = YES;
				"CODE_SIGN_IDENTITY[sdk=iphoneos*]" = "iPhone Developer";
				COPY_PHASE_STRIP = NO;
				DEBUG_INFORMATION_FORMAT = "dwarf-with-dsym";
				ENABLE_NS_ASSERTIONS = NO;
				ENABLE_STRICT_OBJC_MSGSEND = YES;
				GCC_C_LANGUAGE_STANDARD = gnu99;
				GCC_NO_COMMON_BLOCKS = YES;
				GCC_WARN_64_TO_32_BIT_CONVERSION = YES;
				GCC_WARN_ABOUT_RETURN_TYPE = YES_ERROR;
				GCC_WARN_UNDECLARED_SELECTOR = YES;
				GCC_WARN_UNINITIALIZED_AUTOS = YES_AGGRESSIVE;
				GCC_WARN_UNUSED_FUNCTION = YES;
				GCC_WARN_UNUSED_VARIABLE = YES;
				IPHONEOS_DEPLOYMENT_TARGET = 10.3;
				MTL_ENABLE_DEBUG_INFO = NO;
				SDKROOT = iphoneos;
				SWIFT_OPTIMIZATION_LEVEL = "-Owholemodule";
				VALIDATE_PRODUCT = YES;
			};
			name = Release;
		};
		1F36FFCE1EC1BE9A007744A4 /* Debug */ = {
			isa = XCBuildConfiguration;
			buildSettings = {
				ASSETCATALOG_COMPILER_APPICON_NAME = AppIcon;
				DEVELOPMENT_TEAM = 8RV4545BMW;
				INFOPLIST_FILE = InfraTest/Info.plist;
				IPHONEOS_DEPLOYMENT_TARGET = 7.0;
				LD_RUNPATH_SEARCH_PATHS = "$(inherited) @executable_path/Frameworks";
				PRODUCT_BUNDLE_IDENTIFIER = com.mycomp.InfraTest;
				PRODUCT_NAME = "$(TARGET_NAME)";
				SWIFT_VERSION = 3.0;
			};
			name = Debug;
		};
		1F36FFCF1EC1BE9A007744A4 /* Release */ = {
			isa = XCBuildConfiguration;
			buildSettings = {
				ASSETCATALOG_COMPILER_APPICON_NAME = AppIcon;
				DEVELOPMENT_TEAM = 8RV4545BMW;
				INFOPLIST_FILE = InfraTest/Info.plist;
				IPHONEOS_DEPLOYMENT_TARGET = 7.0;
				LD_RUNPATH_SEARCH_PATHS = "$(inherited) @executable_path/Frameworks";
				PRODUCT_BUNDLE_IDENTIFIER = com.mycomp.InfraTest;
				PRODUCT_NAME = "$(TARGET_NAME)";
				SWIFT_VERSION = 3.0;
			};
			name = Release;
		};
		1F36FFD11EC1BE9A007744A4 /* Debug */ = {
			isa = XCBuildConfiguration;
			buildSettings = {
				ALWAYS_EMBED_SWIFT_STANDARD_LIBRARIES = YES;
				BUNDLE_LOADER = "$(TEST_HOST)";
				DEVELOPMENT_TEAM = 8RV4545BMW;
				INFOPLIST_FILE = InfraTestTests/Info.plist;
				LD_RUNPATH_SEARCH_PATHS = "$(inherited) @executable_path/Frameworks @loader_path/Frameworks";
				PRODUCT_BUNDLE_IDENTIFIER = com.mycomp.InfraTestTests;
				PRODUCT_NAME = "$(TARGET_NAME)";
				SWIFT_VERSION = 3.0;
				TEST_HOST = "$(BUILT_PRODUCTS_DIR)/InfraTest.app/InfraTest";
			};
			name = Debug;
		};
		1F36FFD21EC1BE9A007744A4 /* Release */ = {
			isa = XCBuildConfiguration;
			buildSettings = {
				ALWAYS_EMBED_SWIFT_STANDARD_LIBRARIES = YES;
				BUNDLE_LOADER = "$(TEST_HOST)";
				DEVELOPMENT_TEAM = 8RV4545BMW;
				INFOPLIST_FILE = InfraTestTests/Info.plist;
				LD_RUNPATH_SEARCH_PATHS = "$(inherited) @executable_path/Frameworks @loader_path/Frameworks";
				PRODUCT_BUNDLE_IDENTIFIER = com.mycomp.InfraTestTests;
				PRODUCT_NAME = "$(TARGET_NAME)";
				SWIFT_VERSION = 3.0;
				TEST_HOST = "$(BUILT_PRODUCTS_DIR)/InfraTest.app/InfraTest";
			};
			name = Release;
		};
/* End XCBuildConfiguration section */

/* Begin XCConfigurationList section */
		1F36FFAB1EC1BE99007744A4 /* Build configuration list for PBXProject "InfraTest" */ = {
			isa = XCConfigurationList;
			buildConfigurations = (
				1F36FFCB1EC1BE9A007744A4 /* Debug */,
				1F36FFCC1EC1BE9A007744A4 /* Release */,
			);
			defaultConfigurationIsVisible = 0;
			defaultConfigurationName = Release;
		};
		1F36FFCD1EC1BE9A007744A4 /* Build configuration list for PBXNativeTarget "InfraTest" */ = {
			isa = XCConfigurationList;
			buildConfigurations = (
				1F36FFCE1EC1BE9A007744A4 /* Debug */,
				1F36FFCF1EC1BE9A007744A4 /* Release */,
			);
			defaultConfigurationIsVisible = 0;
			defaultConfigurationName = Release;
		};
		1F36FFD01EC1BE9A007744A4 /* Build configuration list for PBXNativeTarget "InfraTestTests" */ = {
			isa = XCConfigurationList;
			buildConfigurations = (
				1F36FFD11EC1BE9A007744A4 /* Debug */,
				1F36FFD21EC1BE9A007744A4 /* Release */,
			);
			defaultConfigurationIsVisible = 0;
			defaultConfigurationName = Release;
		};
/* End XCConfigurationList section */
	};
	rootObject = 1F36FFA81EC1BE99007744A4 /* Project object */;
}
